
Microsoft Visual Studio Solution File, Format Version 12.00
# Visual Studio 15
Project("{FAE04EC0-301F-11D3-BF4B-00C04F79EFBC}") = "VRM10.Tests", "VRM10.Tests.csproj", "{4CAC13FF-7EC2-C583-7FF9-77BF7FDCE883}"
EndProject
Project("{FAE04EC0-301F-11D3-BF4B-00C04F79EFBC}") = "UniHumanoid", "UniHumanoid.csproj", "{4F9F9872-F38E-C813-7EBF-45482CBD4147}"
EndProject
Project("{FAE04EC0-301F-11D3-BF4B-00C04F79EFBC}") = "VRM10.Editor", "VRM10.Editor.csproj", "{7C5719B0-D13B-0466-9A4B-8F5F793611D0}"
EndProject
Project("{FAE04EC0-301F-11D3-BF4B-00C04F79EFBC}") = "UniGLTF", "UniGLTF.csproj", "{E3D7BC9D-6712-1F23-6402-85081306D836}"
EndProject
Project("{FAE04EC0-301F-11D3-BF4B-00C04F79EFBC}") = "VRM10", "VRM10.csproj", "{ED667559-2CB5-436A-D75B-207B2306749A}"
EndProject
Project("{FAE04EC0-301F-11D3-BF4B-00C04F79EFBC}") = "UniGLTF.Tests", "UniGLTF.Tests.csproj", "{CCDCA33B-E2C6-9975-6061-D33C53E3E56C}"
EndProject
Project("{FAE04EC0-301F-11D3-BF4B-00C04F79EFBC}") = "UniGLTF.Editor", "UniGLTF.Editor.csproj", "{A0230F4E-D958-1875-6968-1B3743B84F6C}"
EndProject
Project("{FAE04EC0-301F-11D3-BF4B-00C04F79EFBC}") = "VRMShaders.GLTF.IO.Editor", "VRMShaders.GLTF.IO.Editor.csproj", "{ED1BE777-B446-B0BD-83B2-C09C1473F869}"
EndProject
Project("{FAE04EC0-301F-11D3-BF4B-00C04F79EFBC}") = "FastSpringBone10", "FastSpringBone10.csproj", "{14A1F1B1-618D-3B01-2078-939479EC18A2}"
EndProject
Project("{FAE04EC0-301F-11D3-BF4B-00C04F79EFBC}") = "VRMShaders.GLTF.IO.Runtime", "VRMShaders.GLTF.IO.Runtime.csproj", "{1BF7ACC2-8D70-FB42-CA6C-42E8351DC0AC}"
EndProject
Project("{FAE04EC0-301F-11D3-BF4B-00C04F79EFBC}") = "VRMShaders.GLTF.IO.Tests", "VRMShaders.GLTF.IO.Tests.csproj", "{A08D46A5-9460-252F-DD7F-2EB6F9A9EEF0}"
EndProject
Project("{FAE04EC0-301F-11D3-BF4B-00C04F79EFBC}") = "VRMShaders.VRM10.MToon10.Runtime", "VRMShaders.VRM10.MToon10.Runtime.csproj", "{8A28C72E-9494-509A-D547-6590C70CDD0D}"
EndProject
Project("{FAE04EC0-301F-11D3-BF4B-00C04F79EFBC}") = "VrmLib", "VrmLib.csproj", "{87BC656A-94EA-3C6B-6E9C-B8FD9F9D1B34}"
EndProject
Project("{FAE04EC0-301F-11D3-BF4B-00C04F79EFBC}") = "MToon", "MToon.csproj", "{E2E2E8B3-208C-B569-303F-A020E564116B}"
EndProject
Project("{FAE04EC0-301F-11D3-BF4B-00C04F79EFBC}") = "VrmLibTests", "VrmLibTests.csproj", "{A67663CF-E8B9-9BD8-586D-5FFD01273877}"
EndProject
Project("{FAE04EC0-301F-11D3-BF4B-00C04F79EFBC}") = "UniGLTF.Utils", "UniGLTF.Utils.csproj", "{944978C5-54B1-27E7-4722-02CF02045FA9}"
EndProject
Project("{FAE04EC0-301F-11D3-BF4B-00C04F79EFBC}") = "VRMShaders.VRM10.MToon10.Tests", "VRMShaders.VRM10.MToon10.Tests.csproj", "{C9483713-CC22-006F-25B1-F4EBF30EEB49}"
EndProject
Project("{FAE04EC0-301F-11D3-BF4B-00C04F79EFBC}") = "VRMShaders.GLTF.UniUnlit.Runtime", "VRMShaders.GLTF.UniUnlit.Runtime.csproj", "{67A51B72-5A29-0217-5174-F1E85DC30717}"
EndProject
Project("{FAE04EC0-301F-11D3-BF4B-00C04F79EFBC}") = "VRMShaders.VRM10.MToon10.Editor", "VRMShaders.VRM10.MToon10.Editor.csproj", "{5CE98DE7-76B8-0C0D-CBAB-D301B4CF1C6F}"
EndProject
Project("{FAE04EC0-301F-11D3-BF4B-00C04F79EFBC}") = "MToon.Editor", "MToon.Editor.csproj", "{BE7B7A6A-A532-4164-0865-8999D34ECBC7}"
EndProject
Project("{FAE04EC0-301F-11D3-BF4B-00C04F79EFBC}") = "VRMShaders.VRM.IO.Runtime", "VRMShaders.VRM.IO.Runtime.csproj", "{CA448C43-5CEF-1CBB-A592-7D39FE61D482}"
EndProject
Project("{FAE04EC0-301F-11D3-BF4B-00C04F79EFBC}") = "VRMShaders.GLTF.UniUnlit.Editor", "VRMShaders.GLTF.UniUnlit.Editor.csproj", "{C82D94A2-C4EB-CC6B-61DC-183C269BF3FC}"
EndProject
Project("{FAE04EC0-301F-11D3-BF4B-00C04F79EFBC}") = "UniHumanoid.Editor", "UniHumanoid.Editor.csproj", "{8DD9A5E6-4EF9-45AD-F3CB-ACB188009F16}"
EndProject
Project("{FAE04EC0-301F-11D3-BF4B-00C04F79EFBC}") = "UniHumanoid.Editor.Tests", "UniHumanoid.Editor.Tests.csproj", "{9CE8B326-75A2-A1E2-5078-3839C88551A4}"
EndProject
Project("{FAE04EC0-301F-11D3-BF4B-00C04F79EFBC}") = "VRMShaders.VRM10.Format.Runtime", "VRMShaders.VRM10.Format.Runtime.csproj", "{899FF4BA-3900-DB3E-3E4C-068B763BCAAF}"
EndProject
Global
	GlobalSection(SolutionConfigurationPlatforms) = preSolution
		Debug|Any CPU = Debug|Any CPU
		Release|Any CPU = Release|Any CPU
	EndGlobalSection
	GlobalSection(ProjectConfigurationPlatforms) = postSolution
		{4CAC13FF-7EC2-C583-7FF9-77BF7FDCE883}.Debug|Any CPU.ActiveCfg = Debug|Any CPU
		{4CAC13FF-7EC2-C583-7FF9-77BF7FDCE883}.Debug|Any CPU.Build.0 = Debug|Any CPU
		{4CAC13FF-7EC2-C583-7FF9-77BF7FDCE883}.Release|Any CPU.ActiveCfg = Release|Any CPU
		{4CAC13FF-7EC2-C583-7FF9-77BF7FDCE883}.Release|Any CPU.Build.0 = Release|Any CPU
		{4F9F9872-F38E-C813-7EBF-45482CBD4147}.Debug|Any CPU.ActiveCfg = Debug|Any CPU
		{4F9F9872-F38E-C813-7EBF-45482CBD4147}.Debug|Any CPU.Build.0 = Debug|Any CPU
		{4F9F9872-F38E-C813-7EBF-45482CBD4147}.Release|Any CPU.ActiveCfg = Release|Any CPU
		{4F9F9872-F38E-C813-7EBF-45482CBD4147}.Release|Any CPU.Build.0 = Release|Any CPU
		{7C5719B0-D13B-0466-9A4B-8F5F793611D0}.Debug|Any CPU.ActiveCfg = Debug|Any CPU
		{7C5719B0-D13B-0466-9A4B-8F5F793611D0}.Debug|Any CPU.Build.0 = Debug|Any CPU
		{7C5719B0-D13B-0466-9A4B-8F5F793611D0}.Release|Any CPU.ActiveCfg = Release|Any CPU
		{7C5719B0-D13B-0466-9A4B-8F5F793611D0}.Release|Any CPU.Build.0 = Release|Any CPU
		{E3D7BC9D-6712-1F23-6402-85081306D836}.Debug|Any CPU.ActiveCfg = Debug|Any CPU
		{E3D7BC9D-6712-1F23-6402-85081306D836}.Debug|Any CPU.Build.0 = Debug|Any CPU
		{E3D7BC9D-6712-1F23-6402-85081306D836}.Release|Any CPU.ActiveCfg = Release|Any CPU
		{E3D7BC9D-6712-1F23-6402-85081306D836}.Release|Any CPU.Build.0 = Release|Any CPU
		{ED667559-2CB5-436A-D75B-207B2306749A}.Debug|Any CPU.ActiveCfg = Debug|Any CPU
		{ED667559-2CB5-436A-D75B-207B2306749A}.Debug|Any CPU.Build.0 = Debug|Any CPU
		{ED667559-2CB5-436A-D75B-207B2306749A}.Release|Any CPU.ActiveCfg = Release|Any CPU
		{ED667559-2CB5-436A-D75B-207B2306749A}.Release|Any CPU.Build.0 = Release|Any CPU
		{CCDCA33B-E2C6-9975-6061-D33C53E3E56C}.Debug|Any CPU.ActiveCfg = Debug|Any CPU
		{CCDCA33B-E2C6-9975-6061-D33C53E3E56C}.Debug|Any CPU.Build.0 = Debug|Any CPU
		{CCDCA33B-E2C6-9975-6061-D33C53E3E56C}.Release|Any CPU.ActiveCfg = Release|Any CPU
		{CCDCA33B-E2C6-9975-6061-D33C53E3E56C}.Release|Any CPU.Build.0 = Release|Any CPU
		{A0230F4E-D958-1875-6968-1B3743B84F6C}.Debug|Any CPU.ActiveCfg = Debug|Any CPU
		{A0230F4E-D958-1875-6968-1B3743B84F6C}.Debug|Any CPU.Build.0 = Debug|Any CPU
		{A0230F4E-D958-1875-6968-1B3743B84F6C}.Release|Any CPU.ActiveCfg = Release|Any CPU
		{A0230F4E-D958-1875-6968-1B3743B84F6C}.Release|Any CPU.Build.0 = Release|Any CPU
		{ED1BE777-B446-B0BD-83B2-C09C1473F869}.Debug|Any CPU.ActiveCfg = Debug|Any CPU
		{ED1BE777-B446-B0BD-83B2-C09C1473F869}.Debug|Any CPU.Build.0 = Debug|Any CPU
		{ED1BE777-B446-B0BD-83B2-C09C1473F869}.Release|Any CPU.ActiveCfg = Release|Any CPU
		{ED1BE777-B446-B0BD-83B2-C09C1473F869}.Release|Any CPU.Build.0 = Release|Any CPU
		{14A1F1B1-618D-3B01-2078-939479EC18A2}.Debug|Any CPU.ActiveCfg = Debug|Any CPU
		{14A1F1B1-618D-3B01-2078-939479EC18A2}.Debug|Any CPU.Build.0 = Debug|Any CPU
		{14A1F1B1-618D-3B01-2078-939479EC18A2}.Release|Any CPU.ActiveCfg = Release|Any CPU
		{14A1F1B1-618D-3B01-2078-939479EC18A2}.Release|Any CPU.Build.0 = Release|Any CPU
		{1BF7ACC2-8D70-FB42-CA6C-42E8351DC0AC}.Debug|Any CPU.ActiveCfg = Debug|Any CPU
		{1BF7ACC2-8D70-FB42-CA6C-42E8351DC0AC}.Debug|Any CPU.Build.0 = Debug|Any CPU
		{1BF7ACC2-8D70-FB42-CA6C-42E8351DC0AC}.Release|Any CPU.ActiveCfg = Release|Any CPU
		{1BF7ACC2-8D70-FB42-CA6C-42E8351DC0AC}.Release|Any CPU.Build.0 = Release|Any CPU
		{A08D46A5-9460-252F-DD7F-2EB6F9A9EEF0}.Debug|Any CPU.ActiveCfg = Debug|Any CPU
		{A08D46A5-9460-252F-DD7F-2EB6F9A9EEF0}.Debug|Any CPU.Build.0 = Debug|Any CPU
		{A08D46A5-9460-252F-DD7F-2EB6F9A9EEF0}.Release|Any CPU.ActiveCfg = Release|Any CPU
		{A08D46A5-9460-252F-DD7F-2EB6F9A9EEF0}.Release|Any CPU.Build.0 = Release|Any CPU
		{8A28C72E-9494-509A-D547-6590C70CDD0D}.Debug|Any CPU.ActiveCfg = Debug|Any CPU
		{8A28C72E-9494-509A-D547-6590C70CDD0D}.Debug|Any CPU.Build.0 = Debug|Any CPU
		{8A28C72E-9494-509A-D547-6590C70CDD0D}.Release|Any CPU.ActiveCfg = Release|Any CPU
		{8A28C72E-9494-509A-D547-6590C70CDD0D}.Release|Any CPU.Build.0 = Release|Any CPU
		{87BC656A-94EA-3C6B-6E9C-B8FD9F9D1B34}.Debug|Any CPU.ActiveCfg = Debug|Any CPU
		{87BC656A-94EA-3C6B-6E9C-B8FD9F9D1B34}.Debug|Any CPU.Build.0 = Debug|Any CPU
		{87BC656A-94EA-3C6B-6E9C-B8FD9F9D1B34}.Release|Any CPU.ActiveCfg = Release|Any CPU
		{87BC656A-94EA-3C6B-6E9C-B8FD9F9D1B34}.Release|Any CPU.Build.0 = Release|Any CPU
		{E2E2E8B3-208C-B569-303F-A020E564116B}.Debug|Any CPU.ActiveCfg = Debug|Any CPU
		{E2E2E8B3-208C-B569-303F-A020E564116B}.Debug|Any CPU.Build.0 = Debug|Any CPU
		{E2E2E8B3-208C-B569-303F-A020E564116B}.Release|Any CPU.ActiveCfg = Release|Any CPU
		{E2E2E8B3-208C-B569-303F-A020E564116B}.Release|Any CPU.Build.0 = Release|Any CPU
		{A67663CF-E8B9-9BD8-586D-5FFD01273877}.Debug|Any CPU.ActiveCfg = Debug|Any CPU
		{A67663CF-E8B9-9BD8-586D-5FFD01273877}.Debug|Any CPU.Build.0 = Debug|Any CPU
		{A67663CF-E8B9-9BD8-586D-5FFD01273877}.Release|Any CPU.ActiveCfg = Release|Any CPU
		{A67663CF-E8B9-9BD8-586D-5FFD01273877}.Release|Any CPU.Build.0 = Release|Any CPU
		{944978C5-54B1-27E7-4722-02CF02045FA9}.Debug|Any CPU.ActiveCfg = Debug|Any CPU
		{944978C5-54B1-27E7-4722-02CF02045FA9}.Debug|Any CPU.Build.0 = Debug|Any CPU
		{944978C5-54B1-27E7-4722-02CF02045FA9}.Release|Any CPU.ActiveCfg = Release|Any CPU
		{944978C5-54B1-27E7-4722-02CF02045FA9}.Release|Any CPU.Build.0 = Release|Any CPU
		{C9483713-CC22-006F-25B1-F4EBF30EEB49}.Debug|Any CPU.ActiveCfg = Debug|Any CPU
		{C9483713-CC22-006F-25B1-F4EBF30EEB49}.Debug|Any CPU.Build.0 = Debug|Any CPU
		{C9483713-CC22-006F-25B1-F4EBF30EEB49}.Release|Any CPU.ActiveCfg = Release|Any CPU
		{C9483713-CC22-006F-25B1-F4EBF30EEB49}.Release|Any CPU.Build.0 = Release|Any CPU
		{67A51B72-5A29-0217-5174-F1E85DC30717}.Debug|Any CPU.ActiveCfg = Debug|Any CPU
		{67A51B72-5A29-0217-5174-F1E85DC30717}.Debug|Any CPU.Build.0 = Debug|Any CPU
		{67A51B72-5A29-0217-5174-F1E85DC30717}.Release|Any CPU.ActiveCfg = Release|Any CPU
		{67A51B72-5A29-0217-5174-F1E85DC30717}.Release|Any CPU.Build.0 = Release|Any CPU
		{5CE98DE7-76B8-0C0D-CBAB-D301B4CF1C6F}.Debug|Any CPU.ActiveCfg = Debug|Any CPU
		{5CE98DE7-76B8-0C0D-CBAB-D301B4CF1C6F}.Debug|Any CPU.Build.0 = Debug|Any CPU
		{5CE98DE7-76B8-0C0D-CBAB-D301B4CF1C6F}.Release|Any CPU.ActiveCfg = Release|Any CPU
		{5CE98DE7-76B8-0C0D-CBAB-D301B4CF1C6F}.Release|Any CPU.Build.0 = Release|Any CPU
		{BE7B7A6A-A532-4164-0865-8999D34ECBC7}.Debug|Any CPU.ActiveCfg = Debug|Any CPU
		{BE7B7A6A-A532-4164-0865-8999D34ECBC7}.Debug|Any CPU.Build.0 = Debug|Any CPU
		{BE7B7A6A-A532-4164-0865-8999D34ECBC7}.Release|Any CPU.ActiveCfg = Release|Any CPU
		{BE7B7A6A-A532-4164-0865-8999D34ECBC7}.Release|Any CPU.Build.0 = Release|Any CPU
		{CA448C43-5CEF-1CBB-A592-7D39FE61D482}.Debug|Any CPU.ActiveCfg = Debug|Any CPU
		{CA448C43-5CEF-1CBB-A592-7D39FE61D482}.Debug|Any CPU.Build.0 = Debug|Any CPU
		{CA448C43-5CEF-1CBB-A592-7D39FE61D482}.Release|Any CPU.ActiveCfg = Release|Any CPU
		{CA448C43-5CEF-1CBB-A592-7D39FE61D482}.Release|Any CPU.Build.0 = Release|Any CPU
		{C82D94A2-C4EB-CC6B-61DC-183C269BF3FC}.Debug|Any CPU.ActiveCfg = Debug|Any CPU
		{C82D94A2-C4EB-CC6B-61DC-183C269BF3FC}.Debug|Any CPU.Build.0 = Debug|Any CPU
		{C82D94A2-C4EB-CC6B-61DC-183C269BF3FC}.Release|Any CPU.ActiveCfg = Release|Any CPU
		{C82D94A2-C4EB-CC6B-61DC-183C269BF3FC}.Release|Any CPU.Build.0 = Release|Any CPU
		{8DD9A5E6-4EF9-45AD-F3CB-ACB188009F16}.Debug|Any CPU.ActiveCfg = Debug|Any CPU
		{8DD9A5E6-4EF9-45AD-F3CB-ACB188009F16}.Debug|Any CPU.Build.0 = Debug|Any CPU
		{8DD9A5E6-4EF9-45AD-F3CB-ACB188009F16}.Release|Any CPU.ActiveCfg = Release|Any CPU
		{8DD9A5E6-4EF9-45AD-F3CB-ACB188009F16}.Release|Any CPU.Build.0 = Release|Any CPU
		{9CE8B326-75A2-A1E2-5078-3839C88551A4}.Debug|Any CPU.ActiveCfg = Debug|Any CPU
		{9CE8B326-75A2-A1E2-5078-3839C88551A4}.Debug|Any CPU.Build.0 = Debug|Any CPU
		{9CE8B326-75A2-A1E2-5078-3839C88551A4}.Release|Any CPU.ActiveCfg = Release|Any CPU
		{9CE8B326-75A2-A1E2-5078-3839C88551A4}.Release|Any CPU.Build.0 = Release|Any CPU
		{899FF4BA-3900-DB3E-3E4C-068B763BCAAF}.Debug|Any CPU.ActiveCfg = Debug|Any CPU
		{899FF4BA-3900-DB3E-3E4C-068B763BCAAF}.Debug|Any CPU.Build.0 = Debug|Any CPU
		{899FF4BA-3900-DB3E-3E4C-068B763BCAAF}.Release|Any CPU.ActiveCfg = Release|Any CPU
		{899FF4BA-3900-DB3E-3E4C-068B763BCAAF}.Release|Any CPU.Build.0 = Release|Any CPU
	EndGlobalSection
	GlobalSection(SolutionProperties) = preSolution
		HideSolutionNode = FALSE
	EndGlobalSection
EndGlobal
