
Microsoft Visual Studio Solution File, Format Version 12.00
# Visual Studio 15
Project("{FAE04EC0-301F-11D3-BF4B-00C04F79EFBC}") = "VRM10.Tests", "VRM10.Tests.csproj", "{B34F1C6E-D624-70F2-0F83-2324C0FA7327}"
EndProject
Project("{FAE04EC0-301F-11D3-BF4B-00C04F79EFBC}") = "UniHumanoid", "UniHumanoid.csproj", "{F437C032-398E-3724-FA01-D569181FFC23}"
EndProject
Project("{FAE04EC0-301F-11D3-BF4B-00C04F79EFBC}") = "VRM10.Editor", "VRM10.Editor.csproj", "{AC6B5294-017F-8C20-675C-58D2E461DDED}"
EndProject
Project("{FAE04EC0-301F-11D3-BF4B-00C04F79EFBC}") = "UniGLTF", "UniGLTF.csproj", "{F92ED3DE-5519-4E5A-49B1-A2B5E788EC08}"
EndProject
Project("{FAE04EC0-301F-11D3-BF4B-00C04F79EFBC}") = "VRM10", "VRM10.csproj", "{2565AF9B-E64E-FB79-D650-CA071A57694F}"
EndProject
Project("{FAE04EC0-301F-11D3-BF4B-00C04F79EFBC}") = "UniGLTF.Tests", "UniGLTF.Tests.csproj", "{B709663B-0132-0805-4768-0C1731DDD188}"
EndProject
Project("{FAE04EC0-301F-11D3-BF4B-00C04F79EFBC}") = "UniGLTF.Editor", "UniGLTF.Editor.csproj", "{80DE7BE6-9A2B-A648-898A-1F9A7E0AEBD9}"
EndProject
Project("{FAE04EC0-301F-11D3-BF4B-00C04F79EFBC}") = "VRMShaders.GLTF.IO.Editor", "VRMShaders.GLTF.IO.Editor.csproj", "{E8A9AE32-1543-883A-5144-6743F50ECCBA}"
EndProject
Project("{FAE04EC0-301F-11D3-BF4B-00C04F79EFBC}") = "FastSpringBone10", "FastSpringBone10.csproj", "{23BD0EB8-6845-45AF-DE0A-BF314256CD61}"
EndProject
Project("{FAE04EC0-301F-11D3-BF4B-00C04F79EFBC}") = "VRMShaders.GLTF.IO.Runtime", "VRMShaders.GLTF.IO.Runtime.csproj", "{40CBB66C-71BF-E2AB-861D-CCEB721B089F}"
EndProject
Project("{FAE04EC0-301F-11D3-BF4B-00C04F79EFBC}") = "VRMShaders.GLTF.IO.Tests", "VRMShaders.GLTF.IO.Tests.csproj", "{7BF10793-7ED4-DB15-C0B5-4DBBBA0CAEB1}"
EndProject
Project("{FAE04EC0-301F-11D3-BF4B-00C04F79EFBC}") = "VRMShaders.VRM10.MToon10.Runtime", "VRMShaders.VRM10.MToon10.Runtime.csproj", "{BDDC219D-241D-CF6D-3836-5F27265C2D5B}"
EndProject
Project("{FAE04EC0-301F-11D3-BF4B-00C04F79EFBC}") = "VrmLib", "VrmLib.csproj", "{40AC44E7-626A-99B5-2310-4742B4B91E06}"
EndProject
Project("{FAE04EC0-301F-11D3-BF4B-00C04F79EFBC}") = "MToon", "MToon.csproj", "{B4390493-2B2B-9DDE-AC3A-40670384B14A}"
EndProject
Project("{FAE04EC0-301F-11D3-BF4B-00C04F79EFBC}") = "VrmLibTests", "VrmLibTests.csproj", "{77FE507B-FC53-3058-6186-0F3C36B0FA23}"
EndProject
Project("{FAE04EC0-301F-11D3-BF4B-00C04F79EFBC}") = "UniGLTF.Utils", "UniGLTF.Utils.csproj", "{806F2C3D-F4D1-E7AC-4E8E-5D40E29BAE0A}"
EndProject
Project("{FAE04EC0-301F-11D3-BF4B-00C04F79EFBC}") = "VRMShaders.VRM10.MToon10.Tests", "VRMShaders.VRM10.MToon10.Tests.csproj", "{FF0E728D-FFB0-0C73-E94D-60791DDA758A}"
EndProject
Project("{FAE04EC0-301F-11D3-BF4B-00C04F79EFBC}") = "VRMShaders.GLTF.UniUnlit.Runtime", "VRMShaders.GLTF.UniUnlit.Runtime.csproj", "{A2ADC111-B92E-C683-C9B6-E011602CC18D}"
EndProject
Project("{FAE04EC0-301F-11D3-BF4B-00C04F79EFBC}") = "VRMShaders.VRM10.MToon10.Editor", "VRMShaders.VRM10.MToon10.Editor.csproj", "{9B74F211-9328-9953-DD0B-8022F680838D}"
EndProject
Project("{FAE04EC0-301F-11D3-BF4B-00C04F79EFBC}") = "MToon.Editor", "MToon.Editor.csproj", "{E49528C9-6771-2534-0246-48B18EFD177B}"
EndProject
Project("{FAE04EC0-301F-11D3-BF4B-00C04F79EFBC}") = "VRMShaders.VRM.IO.Runtime", "VRMShaders.VRM.IO.Runtime.csproj", "{B2A06D6D-55C9-9303-82E7-A910EEFA9ED4}"
EndProject
Project("{FAE04EC0-301F-11D3-BF4B-00C04F79EFBC}") = "VRMShaders.GLTF.UniUnlit.Editor", "VRMShaders.GLTF.UniUnlit.Editor.csproj", "{E7A66201-1B6D-FA7E-FDEE-56ED0F728245}"
EndProject
Project("{FAE04EC0-301F-11D3-BF4B-00C04F79EFBC}") = "UniHumanoid.Editor", "UniHumanoid.Editor.csproj", "{7FA0C663-1785-4D54-E839-AA635FF7997A}"
EndProject
Project("{FAE04EC0-301F-11D3-BF4B-00C04F79EFBC}") = "UniHumanoid.Editor.Tests", "UniHumanoid.Editor.Tests.csproj", "{8623A0D9-DE19-3B61-07B0-5A97942C806D}"
EndProject
Project("{FAE04EC0-301F-11D3-BF4B-00C04F79EFBC}") = "VRMShaders.VRM10.Format.Runtime", "VRMShaders.VRM10.Format.Runtime.csproj", "{75DB9108-6BAA-FD56-1928-BE96F961C780}"
EndProject
Global
	GlobalSection(SolutionConfigurationPlatforms) = preSolution
		Debug|Any CPU = Debug|Any CPU
		Release|Any CPU = Release|Any CPU
	EndGlobalSection
	GlobalSection(ProjectConfigurationPlatforms) = postSolution
		{B34F1C6E-D624-70F2-0F83-2324C0FA7327}.Debug|Any CPU.ActiveCfg = Debug|Any CPU
		{B34F1C6E-D624-70F2-0F83-2324C0FA7327}.Debug|Any CPU.Build.0 = Debug|Any CPU
		{B34F1C6E-D624-70F2-0F83-2324C0FA7327}.Release|Any CPU.ActiveCfg = Release|Any CPU
		{B34F1C6E-D624-70F2-0F83-2324C0FA7327}.Release|Any CPU.Build.0 = Release|Any CPU
		{F437C032-398E-3724-FA01-D569181FFC23}.Debug|Any CPU.ActiveCfg = Debug|Any CPU
		{F437C032-398E-3724-FA01-D569181FFC23}.Debug|Any CPU.Build.0 = Debug|Any CPU
		{F437C032-398E-3724-FA01-D569181FFC23}.Release|Any CPU.ActiveCfg = Release|Any CPU
		{F437C032-398E-3724-FA01-D569181FFC23}.Release|Any CPU.Build.0 = Release|Any CPU
		{AC6B5294-017F-8C20-675C-58D2E461DDED}.Debug|Any CPU.ActiveCfg = Debug|Any CPU
		{AC6B5294-017F-8C20-675C-58D2E461DDED}.Debug|Any CPU.Build.0 = Debug|Any CPU
		{AC6B5294-017F-8C20-675C-58D2E461DDED}.Release|Any CPU.ActiveCfg = Release|Any CPU
		{AC6B5294-017F-8C20-675C-58D2E461DDED}.Release|Any CPU.Build.0 = Release|Any CPU
		{F92ED3DE-5519-4E5A-49B1-A2B5E788EC08}.Debug|Any CPU.ActiveCfg = Debug|Any CPU
		{F92ED3DE-5519-4E5A-49B1-A2B5E788EC08}.Debug|Any CPU.Build.0 = Debug|Any CPU
		{F92ED3DE-5519-4E5A-49B1-A2B5E788EC08}.Release|Any CPU.ActiveCfg = Release|Any CPU
		{F92ED3DE-5519-4E5A-49B1-A2B5E788EC08}.Release|Any CPU.Build.0 = Release|Any CPU
		{2565AF9B-E64E-FB79-D650-CA071A57694F}.Debug|Any CPU.ActiveCfg = Debug|Any CPU
		{2565AF9B-E64E-FB79-D650-CA071A57694F}.Debug|Any CPU.Build.0 = Debug|Any CPU
		{2565AF9B-E64E-FB79-D650-CA071A57694F}.Release|Any CPU.ActiveCfg = Release|Any CPU
		{2565AF9B-E64E-FB79-D650-CA071A57694F}.Release|Any CPU.Build.0 = Release|Any CPU
		{B709663B-0132-0805-4768-0C1731DDD188}.Debug|Any CPU.ActiveCfg = Debug|Any CPU
		{B709663B-0132-0805-4768-0C1731DDD188}.Debug|Any CPU.Build.0 = Debug|Any CPU
		{B709663B-0132-0805-4768-0C1731DDD188}.Release|Any CPU.ActiveCfg = Release|Any CPU
		{B709663B-0132-0805-4768-0C1731DDD188}.Release|Any CPU.Build.0 = Release|Any CPU
		{80DE7BE6-9A2B-A648-898A-1F9A7E0AEBD9}.Debug|Any CPU.ActiveCfg = Debug|Any CPU
		{80DE7BE6-9A2B-A648-898A-1F9A7E0AEBD9}.Debug|Any CPU.Build.0 = Debug|Any CPU
		{80DE7BE6-9A2B-A648-898A-1F9A7E0AEBD9}.Release|Any CPU.ActiveCfg = Release|Any CPU
		{80DE7BE6-9A2B-A648-898A-1F9A7E0AEBD9}.Release|Any CPU.Build.0 = Release|Any CPU
		{E8A9AE32-1543-883A-5144-6743F50ECCBA}.Debug|Any CPU.ActiveCfg = Debug|Any CPU
		{E8A9AE32-1543-883A-5144-6743F50ECCBA}.Debug|Any CPU.Build.0 = Debug|Any CPU
		{E8A9AE32-1543-883A-5144-6743F50ECCBA}.Release|Any CPU.ActiveCfg = Release|Any CPU
		{E8A9AE32-1543-883A-5144-6743F50ECCBA}.Release|Any CPU.Build.0 = Release|Any CPU
		{23BD0EB8-6845-45AF-DE0A-BF314256CD61}.Debug|Any CPU.ActiveCfg = Debug|Any CPU
		{23BD0EB8-6845-45AF-DE0A-BF314256CD61}.Debug|Any CPU.Build.0 = Debug|Any CPU
		{23BD0EB8-6845-45AF-DE0A-BF314256CD61}.Release|Any CPU.ActiveCfg = Release|Any CPU
		{23BD0EB8-6845-45AF-DE0A-BF314256CD61}.Release|Any CPU.Build.0 = Release|Any CPU
		{40CBB66C-71BF-E2AB-861D-CCEB721B089F}.Debug|Any CPU.ActiveCfg = Debug|Any CPU
		{40CBB66C-71BF-E2AB-861D-CCEB721B089F}.Debug|Any CPU.Build.0 = Debug|Any CPU
		{40CBB66C-71BF-E2AB-861D-CCEB721B089F}.Release|Any CPU.ActiveCfg = Release|Any CPU
		{40CBB66C-71BF-E2AB-861D-CCEB721B089F}.Release|Any CPU.Build.0 = Release|Any CPU
		{7BF10793-7ED4-DB15-C0B5-4DBBBA0CAEB1}.Debug|Any CPU.ActiveCfg = Debug|Any CPU
		{7BF10793-7ED4-DB15-C0B5-4DBBBA0CAEB1}.Debug|Any CPU.Build.0 = Debug|Any CPU
		{7BF10793-7ED4-DB15-C0B5-4DBBBA0CAEB1}.Release|Any CPU.ActiveCfg = Release|Any CPU
		{7BF10793-7ED4-DB15-C0B5-4DBBBA0CAEB1}.Release|Any CPU.Build.0 = Release|Any CPU
		{BDDC219D-241D-CF6D-3836-5F27265C2D5B}.Debug|Any CPU.ActiveCfg = Debug|Any CPU
		{BDDC219D-241D-CF6D-3836-5F27265C2D5B}.Debug|Any CPU.Build.0 = Debug|Any CPU
		{BDDC219D-241D-CF6D-3836-5F27265C2D5B}.Release|Any CPU.ActiveCfg = Release|Any CPU
		{BDDC219D-241D-CF6D-3836-5F27265C2D5B}.Release|Any CPU.Build.0 = Release|Any CPU
		{40AC44E7-626A-99B5-2310-4742B4B91E06}.Debug|Any CPU.ActiveCfg = Debug|Any CPU
		{40AC44E7-626A-99B5-2310-4742B4B91E06}.Debug|Any CPU.Build.0 = Debug|Any CPU
		{40AC44E7-626A-99B5-2310-4742B4B91E06}.Release|Any CPU.ActiveCfg = Release|Any CPU
		{40AC44E7-626A-99B5-2310-4742B4B91E06}.Release|Any CPU.Build.0 = Release|Any CPU
		{B4390493-2B2B-9DDE-AC3A-40670384B14A}.Debug|Any CPU.ActiveCfg = Debug|Any CPU
		{B4390493-2B2B-9DDE-AC3A-40670384B14A}.Debug|Any CPU.Build.0 = Debug|Any CPU
		{B4390493-2B2B-9DDE-AC3A-40670384B14A}.Release|Any CPU.ActiveCfg = Release|Any CPU
		{B4390493-2B2B-9DDE-AC3A-40670384B14A}.Release|Any CPU.Build.0 = Release|Any CPU
		{77FE507B-FC53-3058-6186-0F3C36B0FA23}.Debug|Any CPU.ActiveCfg = Debug|Any CPU
		{77FE507B-FC53-3058-6186-0F3C36B0FA23}.Debug|Any CPU.Build.0 = Debug|Any CPU
		{77FE507B-FC53-3058-6186-0F3C36B0FA23}.Release|Any CPU.ActiveCfg = Release|Any CPU
		{77FE507B-FC53-3058-6186-0F3C36B0FA23}.Release|Any CPU.Build.0 = Release|Any CPU
		{806F2C3D-F4D1-E7AC-4E8E-5D40E29BAE0A}.Debug|Any CPU.ActiveCfg = Debug|Any CPU
		{806F2C3D-F4D1-E7AC-4E8E-5D40E29BAE0A}.Debug|Any CPU.Build.0 = Debug|Any CPU
		{806F2C3D-F4D1-E7AC-4E8E-5D40E29BAE0A}.Release|Any CPU.ActiveCfg = Release|Any CPU
		{806F2C3D-F4D1-E7AC-4E8E-5D40E29BAE0A}.Release|Any CPU.Build.0 = Release|Any CPU
		{FF0E728D-FFB0-0C73-E94D-60791DDA758A}.Debug|Any CPU.ActiveCfg = Debug|Any CPU
		{FF0E728D-FFB0-0C73-E94D-60791DDA758A}.Debug|Any CPU.Build.0 = Debug|Any CPU
		{FF0E728D-FFB0-0C73-E94D-60791DDA758A}.Release|Any CPU.ActiveCfg = Release|Any CPU
		{FF0E728D-FFB0-0C73-E94D-60791DDA758A}.Release|Any CPU.Build.0 = Release|Any CPU
		{A2ADC111-B92E-C683-C9B6-E011602CC18D}.Debug|Any CPU.ActiveCfg = Debug|Any CPU
		{A2ADC111-B92E-C683-C9B6-E011602CC18D}.Debug|Any CPU.Build.0 = Debug|Any CPU
		{A2ADC111-B92E-C683-C9B6-E011602CC18D}.Release|Any CPU.ActiveCfg = Release|Any CPU
		{A2ADC111-B92E-C683-C9B6-E011602CC18D}.Release|Any CPU.Build.0 = Release|Any CPU
		{9B74F211-9328-9953-DD0B-8022F680838D}.Debug|Any CPU.ActiveCfg = Debug|Any CPU
		{9B74F211-9328-9953-DD0B-8022F680838D}.Debug|Any CPU.Build.0 = Debug|Any CPU
		{9B74F211-9328-9953-DD0B-8022F680838D}.Release|Any CPU.ActiveCfg = Release|Any CPU
		{9B74F211-9328-9953-DD0B-8022F680838D}.Release|Any CPU.Build.0 = Release|Any CPU
		{E49528C9-6771-2534-0246-48B18EFD177B}.Debug|Any CPU.ActiveCfg = Debug|Any CPU
		{E49528C9-6771-2534-0246-48B18EFD177B}.Debug|Any CPU.Build.0 = Debug|Any CPU
		{E49528C9-6771-2534-0246-48B18EFD177B}.Release|Any CPU.ActiveCfg = Release|Any CPU
		{E49528C9-6771-2534-0246-48B18EFD177B}.Release|Any CPU.Build.0 = Release|Any CPU
		{B2A06D6D-55C9-9303-82E7-A910EEFA9ED4}.Debug|Any CPU.ActiveCfg = Debug|Any CPU
		{B2A06D6D-55C9-9303-82E7-A910EEFA9ED4}.Debug|Any CPU.Build.0 = Debug|Any CPU
		{B2A06D6D-55C9-9303-82E7-A910EEFA9ED4}.Release|Any CPU.ActiveCfg = Release|Any CPU
		{B2A06D6D-55C9-9303-82E7-A910EEFA9ED4}.Release|Any CPU.Build.0 = Release|Any CPU
		{E7A66201-1B6D-FA7E-FDEE-56ED0F728245}.Debug|Any CPU.ActiveCfg = Debug|Any CPU
		{E7A66201-1B6D-FA7E-FDEE-56ED0F728245}.Debug|Any CPU.Build.0 = Debug|Any CPU
		{E7A66201-1B6D-FA7E-FDEE-56ED0F728245}.Release|Any CPU.ActiveCfg = Release|Any CPU
		{E7A66201-1B6D-FA7E-FDEE-56ED0F728245}.Release|Any CPU.Build.0 = Release|Any CPU
		{7FA0C663-1785-4D54-E839-AA635FF7997A}.Debug|Any CPU.ActiveCfg = Debug|Any CPU
		{7FA0C663-1785-4D54-E839-AA635FF7997A}.Debug|Any CPU.Build.0 = Debug|Any CPU
		{7FA0C663-1785-4D54-E839-AA635FF7997A}.Release|Any CPU.ActiveCfg = Release|Any CPU
		{7FA0C663-1785-4D54-E839-AA635FF7997A}.Release|Any CPU.Build.0 = Release|Any CPU
		{8623A0D9-DE19-3B61-07B0-5A97942C806D}.Debug|Any CPU.ActiveCfg = Debug|Any CPU
		{8623A0D9-DE19-3B61-07B0-5A97942C806D}.Debug|Any CPU.Build.0 = Debug|Any CPU
		{8623A0D9-DE19-3B61-07B0-5A97942C806D}.Release|Any CPU.ActiveCfg = Release|Any CPU
		{8623A0D9-DE19-3B61-07B0-5A97942C806D}.Release|Any CPU.Build.0 = Release|Any CPU
		{75DB9108-6BAA-FD56-1928-BE96F961C780}.Debug|Any CPU.ActiveCfg = Debug|Any CPU
		{75DB9108-6BAA-FD56-1928-BE96F961C780}.Debug|Any CPU.Build.0 = Debug|Any CPU
		{75DB9108-6BAA-FD56-1928-BE96F961C780}.Release|Any CPU.ActiveCfg = Release|Any CPU
		{75DB9108-6BAA-FD56-1928-BE96F961C780}.Release|Any CPU.Build.0 = Release|Any CPU
	EndGlobalSection
	GlobalSection(SolutionProperties) = preSolution
		HideSolutionNode = FALSE
	EndGlobalSection
EndGlobal
